// !$*UTF8*$!
{
	archiveVersion = 1;
	classes = {
	};
	objectVersion = 56;
	objects = {

/* Begin PBXBuildFile section */
		6104BE172CC75FFB00F6CF69 /* MainTabController.swift in Sources */ = {isa = PBXBuildFile; fileRef = 6104BE162CC75FFB00F6CF69 /* MainTabController.swift */; };
		6104BE1C2CC9475700F6CF69 /* SettingController.swift in Sources */ = {isa = PBXBuildFile; fileRef = 6104BE1B2CC9475700F6CF69 /* SettingController.swift */; };
		6104BE1E2CC9476500F6CF69 /* PostController.swift in Sources */ = {isa = PBXBuildFile; fileRef = 6104BE1D2CC9476500F6CF69 /* PostController.swift */; };
		6127A7CA2CCB5869002F0122 /* AddFoodController.swift in Sources */ = {isa = PBXBuildFile; fileRef = 6127A7C92CCB5869002F0122 /* AddFoodController.swift */; };
		6127A7CC2CCB58CE002F0122 /* RecordDetailController.swift in Sources */ = {isa = PBXBuildFile; fileRef = 6127A7CB2CCB58CE002F0122 /* RecordDetailController.swift */; };
		6127A7CE2CCBE2B2002F0122 /* FloatingMenuButton.swift in Sources */ = {isa = PBXBuildFile; fileRef = 6127A7CD2CCBE2B2002F0122 /* FloatingMenuButton.swift */; };
		6127A7D42CCCD0A2002F0122 /* CGImageProperyOrientation.swift in Sources */ = {isa = PBXBuildFile; fileRef = 6127A7D32CCCD0A2002F0122 /* CGImageProperyOrientation.swift */; };
		6127A7D62CCD7459002F0122 /* ButtonColor.swift in Sources */ = {isa = PBXBuildFile; fileRef = 6127A7D52CCD7459002F0122 /* ButtonColor.swift */; };
		6127A7D82CCE3729002F0122 /* EatTimeButton.swift in Sources */ = {isa = PBXBuildFile; fileRef = 6127A7D72CCE3729002F0122 /* EatTimeButton.swift */; };
		6153E7842CD6AC2600367CFA /* FoodPortionOption.swift in Sources */ = {isa = PBXBuildFile; fileRef = 6153E7822CD6AC2600367CFA /* FoodPortionOption.swift */; };
		6153E7852CD6AC2600367CFA /* AddCell.swift in Sources */ = {isa = PBXBuildFile; fileRef = 6153E7752CD6AC2600367CFA /* AddCell.swift */; };
		6153E7862CD6AC2600367CFA /* AmountCell.swift in Sources */ = {isa = PBXBuildFile; fileRef = 6153E77D2CD6AC2600367CFA /* AmountCell.swift */; };
		6153E7872CD6AC2600367CFA /* FoodOptionView.swift in Sources */ = {isa = PBXBuildFile; fileRef = 6153E77B2CD6AC2600367CFA /* FoodOptionView.swift */; };
		6153E7882CD6AC2600367CFA /* FoodGalleryView.swift in Sources */ = {isa = PBXBuildFile; fileRef = 6153E7772CD6AC2600367CFA /* FoodGalleryView.swift */; };
		6153E7892CD6AC2600367CFA /* directAddFood.swift in Sources */ = {isa = PBXBuildFile; fileRef = 6153E7832CD6AC2600367CFA /* directAddFood.swift */; };
		6153E78A2CD6AC2600367CFA /* FoodModel.swift in Sources */ = {isa = PBXBuildFile; fileRef = 6153E77F2CD6AC2600367CFA /* FoodModel.swift */; };
		6153E78B2CD6AC2600367CFA /* SelectImageViewController.swift in Sources */ = {isa = PBXBuildFile; fileRef = 6153E7802CD6AC2600367CFA /* SelectImageViewController.swift */; };
		6153E78C2CD6AC2600367CFA /* FoodCalorieManager.swift in Sources */ = {isa = PBXBuildFile; fileRef = 6153E7812CD6AC2600367CFA /* FoodCalorieManager.swift */; };
		6153E78D2CD6AC2600367CFA /* ImageSectionView.swift in Sources */ = {isa = PBXBuildFile; fileRef = 6153E7762CD6AC2600367CFA /* ImageSectionView.swift */; };
		6153E78E2CD6AC2600367CFA /* FoodCell.swift in Sources */ = {isa = PBXBuildFile; fileRef = 6153E7742CD6AC2600367CFA /* FoodCell.swift */; };
		6153E78F2CD6AC2600367CFA /* MealTimeSelectionView.swift in Sources */ = {isa = PBXBuildFile; fileRef = 6153E7782CD6AC2600367CFA /* MealTimeSelectionView.swift */; };
		6153E7902CD6AC2600367CFA /* ShareOptionView.swift in Sources */ = {isa = PBXBuildFile; fileRef = 6153E7792CD6AC2600367CFA /* ShareOptionView.swift */; };
		6153E7912CD6AC2600367CFA /* FoodContentView.swift in Sources */ = {isa = PBXBuildFile; fileRef = 6153E77C2CD6AC2600367CFA /* FoodContentView.swift */; };
		6153E7922CD6AC2600367CFA /* addButtonView.swift in Sources */ = {isa = PBXBuildFile; fileRef = 6153E77A2CD6AC2600367CFA /* addButtonView.swift */; };
		6153E7932CD6AC2600367CFA /* UIResponder.swift in Sources */ = {isa = PBXBuildFile; fileRef = 6153E77E2CD6AC2600367CFA /* UIResponder.swift */; };
		6153E7952CD6AD1900367CFA /* best-2.mlpackage in Sources */ = {isa = PBXBuildFile; fileRef = 6153E7942CD6AD1900367CFA /* best-2.mlpackage */; };
		6153E7972CD6AD1D00367CFA /* Middle_Finger_Detection.mlpackage in Sources */ = {isa = PBXBuildFile; fileRef = 6153E7962CD6AD1D00367CFA /* Middle_Finger_Detection.mlpackage */; };
		6153E7992CD6B09A00367CFA /* FoodCalories.json in Resources */ = {isa = PBXBuildFile; fileRef = 6153E7982CD6B09A00367CFA /* FoodCalories.json */; };
		6153E79B2CD7482A00367CFA /* FoodPost.swift in Sources */ = {isa = PBXBuildFile; fileRef = 6153E79A2CD7482A00367CFA /* FoodPost.swift */; };
		6153E79D2CD7486900367CFA /* FoodPostManager.swift in Sources */ = {isa = PBXBuildFile; fileRef = 6153E79C2CD7486900367CFA /* FoodPostManager.swift */; };
		6153E79F2CD78F6800367CFA /* GoogleService-Info.plist in Resources */ = {isa = PBXBuildFile; fileRef = 6153E79E2CD78F6800367CFA /* GoogleService-Info.plist */; };
		6153E7A12CD7F1AE00367CFA /* PostDetailController.swift in Sources */ = {isa = PBXBuildFile; fileRef = 6153E7A02CD7F1AE00367CFA /* PostDetailController.swift */; };
		6153E7A32CD80FCC00367CFA /* CalendarViewController.swift in Sources */ = {isa = PBXBuildFile; fileRef = 6153E7A22CD80FCC00367CFA /* CalendarViewController.swift */; };
		6153E7A52CD811A200367CFA /* CustomTabBar.swift in Sources */ = {isa = PBXBuildFile; fileRef = 6153E7A42CD811A200367CFA /* CustomTabBar.swift */; };
		618F335C2CAEDD87009D071B /* AppDelegate.swift in Sources */ = {isa = PBXBuildFile; fileRef = 618F335B2CAEDD87009D071B /* AppDelegate.swift */; };
		618F335E2CAEDD87009D071B /* SceneDelegate.swift in Sources */ = {isa = PBXBuildFile; fileRef = 618F335D2CAEDD87009D071B /* SceneDelegate.swift */; };
		618F33602CAEDD87009D071B /* ViewController.swift in Sources */ = {isa = PBXBuildFile; fileRef = 618F335F2CAEDD87009D071B /* ViewController.swift */; };
		618F33632CAEDD87009D071B /* Base in Resources */ = {isa = PBXBuildFile; fileRef = 618F33622CAEDD87009D071B /* Base */; };
		618F33652CAEDD88009D071B /* Assets.xcassets in Resources */ = {isa = PBXBuildFile; fileRef = 618F33642CAEDD88009D071B /* Assets.xcassets */; };
		618F33682CAEDD88009D071B /* Base in Resources */ = {isa = PBXBuildFile; fileRef = 618F33672CAEDD88009D071B /* Base */; };
		61A099A22CCA883A00339B66 /* CalorieCell.swift in Sources */ = {isa = PBXBuildFile; fileRef = 61A099A12CCA883A00339B66 /* CalorieCell.swift */; };
		61D705AE2CCE85AF00640F47 /* LoginController.swift in Sources */ = {isa = PBXBuildFile; fileRef = 61D705AD2CCE85AF00640F47 /* LoginController.swift */; };
		61D705B02CCE863C00640F47 /* RegistrationController.swift in Sources */ = {isa = PBXBuildFile; fileRef = 61D705AF2CCE863C00640F47 /* RegistrationController.swift */; };
		61D705B52CCE8F7700640F47 /* FirebaseAuth in Frameworks */ = {isa = PBXBuildFile; productRef = 61D705B42CCE8F7700640F47 /* FirebaseAuth */; };
		61D705B72CCE8F7700640F47 /* FirebaseCore in Frameworks */ = {isa = PBXBuildFile; productRef = 61D705B62CCE8F7700640F47 /* FirebaseCore */; };
		61D705B92CCE8F7700640F47 /* FirebaseDatabase in Frameworks */ = {isa = PBXBuildFile; productRef = 61D705B82CCE8F7700640F47 /* FirebaseDatabase */; };
		61D705BB2CCE8F7700640F47 /* FirebaseFirestore in Frameworks */ = {isa = PBXBuildFile; productRef = 61D705BA2CCE8F7700640F47 /* FirebaseFirestore */; };
		61D705BD2CCE8F7700640F47 /* FirebaseStorage in Frameworks */ = {isa = PBXBuildFile; productRef = 61D705BC2CCE8F7700640F47 /* FirebaseStorage */; };
		61E53E312CCF118600E8DBB1 /* PostCell.swift in Sources */ = {isa = PBXBuildFile; fileRef = 61E53E302CCF118600E8DBB1 /* PostCell.swift */; };
		61E53E392CCFFCD300E8DBB1 /* User.swift in Sources */ = {isa = PBXBuildFile; fileRef = 61E53E382CCFFCD300E8DBB1 /* User.swift */; };
		61E53E3B2CCFFD7A00E8DBB1 /* UserService.swift in Sources */ = {isa = PBXBuildFile; fileRef = 61E53E3A2CCFFD7A00E8DBB1 /* UserService.swift */; };
		61E53E3F2CD0042000E8DBB1 /* AuthService.swift in Sources */ = {isa = PBXBuildFile; fileRef = 61E53E3E2CD0042000E8DBB1 /* AuthService.swift */; };
		61E53E412CD007AB00E8DBB1 /* KeyboardExtension.swift in Sources */ = {isa = PBXBuildFile; fileRef = 61E53E402CD007AB00E8DBB1 /* KeyboardExtension.swift */; };
/* End PBXBuildFile section */

/* Begin PBXFileReference section */
		6104BE162CC75FFB00F6CF69 /* MainTabController.swift */ = {isa = PBXFileReference; lastKnownFileType = sourcecode.swift; path = MainTabController.swift; sourceTree = "<group>"; };
		6104BE1B2CC9475700F6CF69 /* SettingController.swift */ = {isa = PBXFileReference; lastKnownFileType = sourcecode.swift; path = SettingController.swift; sourceTree = "<group>"; };
		6104BE1D2CC9476500F6CF69 /* PostController.swift */ = {isa = PBXFileReference; lastKnownFileType = sourcecode.swift; path = PostController.swift; sourceTree = "<group>"; };
		6127A7C92CCB5869002F0122 /* AddFoodController.swift */ = {isa = PBXFileReference; lastKnownFileType = sourcecode.swift; path = AddFoodController.swift; sourceTree = "<group>"; };
		6127A7CB2CCB58CE002F0122 /* RecordDetailController.swift */ = {isa = PBXFileReference; lastKnownFileType = sourcecode.swift; path = RecordDetailController.swift; sourceTree = "<group>"; };
		6127A7CD2CCBE2B2002F0122 /* FloatingMenuButton.swift */ = {isa = PBXFileReference; lastKnownFileType = sourcecode.swift; path = FloatingMenuButton.swift; sourceTree = "<group>"; };
		6127A7D32CCCD0A2002F0122 /* CGImageProperyOrientation.swift */ = {isa = PBXFileReference; lastKnownFileType = sourcecode.swift; path = CGImageProperyOrientation.swift; sourceTree = "<group>"; };
		6127A7D52CCD7459002F0122 /* ButtonColor.swift */ = {isa = PBXFileReference; lastKnownFileType = sourcecode.swift; path = ButtonColor.swift; sourceTree = "<group>"; };
		6127A7D72CCE3729002F0122 /* EatTimeButton.swift */ = {isa = PBXFileReference; lastKnownFileType = sourcecode.swift; path = EatTimeButton.swift; sourceTree = "<group>"; };
		6153E7742CD6AC2600367CFA /* FoodCell.swift */ = {isa = PBXFileReference; lastKnownFileType = sourcecode.swift; path = FoodCell.swift; sourceTree = "<group>"; };
		6153E7752CD6AC2600367CFA /* AddCell.swift */ = {isa = PBXFileReference; lastKnownFileType = sourcecode.swift; path = AddCell.swift; sourceTree = "<group>"; };
		6153E7762CD6AC2600367CFA /* ImageSectionView.swift */ = {isa = PBXFileReference; lastKnownFileType = sourcecode.swift; path = ImageSectionView.swift; sourceTree = "<group>"; };
		6153E7772CD6AC2600367CFA /* FoodGalleryView.swift */ = {isa = PBXFileReference; lastKnownFileType = sourcecode.swift; path = FoodGalleryView.swift; sourceTree = "<group>"; };
		6153E7782CD6AC2600367CFA /* MealTimeSelectionView.swift */ = {isa = PBXFileReference; lastKnownFileType = sourcecode.swift; path = MealTimeSelectionView.swift; sourceTree = "<group>"; };
		6153E7792CD6AC2600367CFA /* ShareOptionView.swift */ = {isa = PBXFileReference; lastKnownFileType = sourcecode.swift; path = ShareOptionView.swift; sourceTree = "<group>"; };
		6153E77A2CD6AC2600367CFA /* addButtonView.swift */ = {isa = PBXFileReference; lastKnownFileType = sourcecode.swift; path = addButtonView.swift; sourceTree = "<group>"; };
		6153E77B2CD6AC2600367CFA /* FoodOptionView.swift */ = {isa = PBXFileReference; lastKnownFileType = sourcecode.swift; path = FoodOptionView.swift; sourceTree = "<group>"; };
		6153E77C2CD6AC2600367CFA /* FoodContentView.swift */ = {isa = PBXFileReference; lastKnownFileType = sourcecode.swift; path = FoodContentView.swift; sourceTree = "<group>"; };
		6153E77D2CD6AC2600367CFA /* AmountCell.swift */ = {isa = PBXFileReference; lastKnownFileType = sourcecode.swift; path = AmountCell.swift; sourceTree = "<group>"; };
		6153E77E2CD6AC2600367CFA /* UIResponder.swift */ = {isa = PBXFileReference; lastKnownFileType = sourcecode.swift; path = UIResponder.swift; sourceTree = "<group>"; };
		6153E77F2CD6AC2600367CFA /* FoodModel.swift */ = {isa = PBXFileReference; lastKnownFileType = sourcecode.swift; path = FoodModel.swift; sourceTree = "<group>"; };
		6153E7802CD6AC2600367CFA /* SelectImageViewController.swift */ = {isa = PBXFileReference; lastKnownFileType = sourcecode.swift; path = SelectImageViewController.swift; sourceTree = "<group>"; };
		6153E7812CD6AC2600367CFA /* FoodCalorieManager.swift */ = {isa = PBXFileReference; lastKnownFileType = sourcecode.swift; path = FoodCalorieManager.swift; sourceTree = "<group>"; };
		6153E7822CD6AC2600367CFA /* FoodPortionOption.swift */ = {isa = PBXFileReference; lastKnownFileType = sourcecode.swift; path = FoodPortionOption.swift; sourceTree = "<group>"; };
		6153E7832CD6AC2600367CFA /* directAddFood.swift */ = {isa = PBXFileReference; lastKnownFileType = sourcecode.swift; path = directAddFood.swift; sourceTree = "<group>"; };
		6153E7942CD6AD1900367CFA /* best-2.mlpackage */ = {isa = PBXFileReference; lastKnownFileType = folder.mlpackage; path = "best-2.mlpackage"; sourceTree = "<group>"; };
		6153E7962CD6AD1D00367CFA /* Middle_Finger_Detection.mlpackage */ = {isa = PBXFileReference; lastKnownFileType = folder.mlpackage; path = Middle_Finger_Detection.mlpackage; sourceTree = "<group>"; };
		6153E7982CD6B09A00367CFA /* FoodCalories.json */ = {isa = PBXFileReference; lastKnownFileType = text.json; path = FoodCalories.json; sourceTree = "<group>"; };
		6153E79A2CD7482A00367CFA /* FoodPost.swift */ = {isa = PBXFileReference; lastKnownFileType = sourcecode.swift; path = FoodPost.swift; sourceTree = "<group>"; };
		6153E79C2CD7486900367CFA /* FoodPostManager.swift */ = {isa = PBXFileReference; lastKnownFileType = sourcecode.swift; path = FoodPostManager.swift; sourceTree = "<group>"; };
		6153E79E2CD78F6800367CFA /* GoogleService-Info.plist */ = {isa = PBXFileReference; lastKnownFileType = text.plist.xml; path = "GoogleService-Info.plist"; sourceTree = "<group>"; };
		6153E7A02CD7F1AE00367CFA /* PostDetailController.swift */ = {isa = PBXFileReference; lastKnownFileType = sourcecode.swift; path = PostDetailController.swift; sourceTree = "<group>"; };
		6153E7A22CD80FCC00367CFA /* CalendarViewController.swift */ = {isa = PBXFileReference; lastKnownFileType = sourcecode.swift; path = CalendarViewController.swift; sourceTree = "<group>"; };
		6153E7A42CD811A200367CFA /* CustomTabBar.swift */ = {isa = PBXFileReference; lastKnownFileType = sourcecode.swift; path = CustomTabBar.swift; sourceTree = "<group>"; };
		618F33582CAEDD87009D071B /* TodayCalorie.app */ = {isa = PBXFileReference; explicitFileType = wrapper.application; includeInIndex = 0; path = TodayCalorie.app; sourceTree = BUILT_PRODUCTS_DIR; };
		618F335B2CAEDD87009D071B /* AppDelegate.swift */ = {isa = PBXFileReference; lastKnownFileType = sourcecode.swift; path = AppDelegate.swift; sourceTree = "<group>"; };
		618F335D2CAEDD87009D071B /* SceneDelegate.swift */ = {isa = PBXFileReference; lastKnownFileType = sourcecode.swift; path = SceneDelegate.swift; sourceTree = "<group>"; };
		618F335F2CAEDD87009D071B /* ViewController.swift */ = {isa = PBXFileReference; lastKnownFileType = sourcecode.swift; path = ViewController.swift; sourceTree = "<group>"; };
		618F33622CAEDD87009D071B /* Base */ = {isa = PBXFileReference; lastKnownFileType = file.storyboard; name = Base; path = Base.lproj/Main.storyboard; sourceTree = "<group>"; };
		618F33642CAEDD88009D071B /* Assets.xcassets */ = {isa = PBXFileReference; lastKnownFileType = folder.assetcatalog; path = Assets.xcassets; sourceTree = "<group>"; };
		618F33672CAEDD88009D071B /* Base */ = {isa = PBXFileReference; lastKnownFileType = file.storyboard; name = Base; path = Base.lproj/LaunchScreen.storyboard; sourceTree = "<group>"; };
		618F33692CAEDD88009D071B /* Info.plist */ = {isa = PBXFileReference; lastKnownFileType = text.plist.xml; path = Info.plist; sourceTree = "<group>"; };
		61A099A12CCA883A00339B66 /* CalorieCell.swift */ = {isa = PBXFileReference; lastKnownFileType = sourcecode.swift; path = CalorieCell.swift; sourceTree = "<group>"; };
		61D705AD2CCE85AF00640F47 /* LoginController.swift */ = {isa = PBXFileReference; lastKnownFileType = sourcecode.swift; path = LoginController.swift; sourceTree = "<group>"; };
		61D705AF2CCE863C00640F47 /* RegistrationController.swift */ = {isa = PBXFileReference; lastKnownFileType = sourcecode.swift; path = RegistrationController.swift; sourceTree = "<group>"; };
		61E53E302CCF118600E8DBB1 /* PostCell.swift */ = {isa = PBXFileReference; lastKnownFileType = sourcecode.swift; path = PostCell.swift; sourceTree = "<group>"; };
		61E53E382CCFFCD300E8DBB1 /* User.swift */ = {isa = PBXFileReference; lastKnownFileType = sourcecode.swift; path = User.swift; sourceTree = "<group>"; };
		61E53E3A2CCFFD7A00E8DBB1 /* UserService.swift */ = {isa = PBXFileReference; lastKnownFileType = sourcecode.swift; path = UserService.swift; sourceTree = "<group>"; };
		61E53E3E2CD0042000E8DBB1 /* AuthService.swift */ = {isa = PBXFileReference; lastKnownFileType = sourcecode.swift; path = AuthService.swift; sourceTree = "<group>"; };
		61E53E402CD007AB00E8DBB1 /* KeyboardExtension.swift */ = {isa = PBXFileReference; lastKnownFileType = sourcecode.swift; path = KeyboardExtension.swift; sourceTree = "<group>"; };
/* End PBXFileReference section */

/* Begin PBXFrameworksBuildPhase section */
		618F33552CAEDD87009D071B /* Frameworks */ = {
			isa = PBXFrameworksBuildPhase;
			buildActionMask = 2147483647;
			files = (
				61D705B92CCE8F7700640F47 /* FirebaseDatabase in Frameworks */,
				61D705BB2CCE8F7700640F47 /* FirebaseFirestore in Frameworks */,
				61D705B72CCE8F7700640F47 /* FirebaseCore in Frameworks */,
				61D705BD2CCE8F7700640F47 /* FirebaseStorage in Frameworks */,
				61D705B52CCE8F7700640F47 /* FirebaseAuth in Frameworks */,
			);
			runOnlyForDeploymentPostprocessing = 0;
		};
/* End PBXFrameworksBuildPhase section */

/* Begin PBXGroup section */
		6104BE112CC75F0D00F6CF69 /* API */ = {
			isa = PBXGroup;
			children = (
				61E53E3A2CCFFD7A00E8DBB1 /* UserService.swift */,
				61E53E3E2CD0042000E8DBB1 /* AuthService.swift */,
				6153E79C2CD7486900367CFA /* FoodPostManager.swift */,
			);
			path = API;
			sourceTree = "<group>";
		};
		6104BE132CC75F5700F6CF69 /* Utils */ = {
			isa = PBXGroup;
			children = (
				6127A7CD2CCBE2B2002F0122 /* FloatingMenuButton.swift */,
				6127A7D32CCCD0A2002F0122 /* CGImageProperyOrientation.swift */,
				6127A7D52CCD7459002F0122 /* ButtonColor.swift */,
				6127A7D72CCE3729002F0122 /* EatTimeButton.swift */,
				61E53E402CD007AB00E8DBB1 /* KeyboardExtension.swift */,
				6153E7A22CD80FCC00367CFA /* CalendarViewController.swift */,
				6153E7A42CD811A200367CFA /* CustomTabBar.swift */,
			);
			path = Utils;
			sourceTree = "<group>";
		};
		6104BE142CC75F6000F6CF69 /* Controller */ = {
			isa = PBXGroup;
			children = (
				61D705AC2CCE859500640F47 /* Authentication */,
				6104BE1A2CC76C4300F6CF69 /* Setting */,
				6104BE192CC76C3B00F6CF69 /* Post */,
				6104BE182CC76C2900F6CF69 /* Main */,
			);
			path = Controller;
			sourceTree = "<group>";
		};
		6104BE152CC75F7500F6CF69 /* Root */ = {
			isa = PBXGroup;
			children = (
				618F335B2CAEDD87009D071B /* AppDelegate.swift */,
				618F335D2CAEDD87009D071B /* SceneDelegate.swift */,
				618F33612CAEDD87009D071B /* Main.storyboard */,
				618F33662CAEDD88009D071B /* LaunchScreen.storyboard */,
			);
			path = Root;
			sourceTree = "<group>";
		};
		6104BE182CC76C2900F6CF69 /* Main */ = {
			isa = PBXGroup;
			children = (
				618F335F2CAEDD87009D071B /* ViewController.swift */,
				6104BE162CC75FFB00F6CF69 /* MainTabController.swift */,
				61A099A12CCA883A00339B66 /* CalorieCell.swift */,
				6127A7C92CCB5869002F0122 /* AddFoodController.swift */,
				6127A7CB2CCB58CE002F0122 /* RecordDetailController.swift */,
				6153E7742CD6AC2600367CFA /* FoodCell.swift */,
				6153E7752CD6AC2600367CFA /* AddCell.swift */,
				6153E7762CD6AC2600367CFA /* ImageSectionView.swift */,
				6153E7772CD6AC2600367CFA /* FoodGalleryView.swift */,
				6153E7782CD6AC2600367CFA /* MealTimeSelectionView.swift */,
				6153E7792CD6AC2600367CFA /* ShareOptionView.swift */,
				6153E77A2CD6AC2600367CFA /* addButtonView.swift */,
				6153E77B2CD6AC2600367CFA /* FoodOptionView.swift */,
				6153E77C2CD6AC2600367CFA /* FoodContentView.swift */,
				6153E77D2CD6AC2600367CFA /* AmountCell.swift */,
				6153E77E2CD6AC2600367CFA /* UIResponder.swift */,
				6153E7802CD6AC2600367CFA /* SelectImageViewController.swift */,
				6153E7812CD6AC2600367CFA /* FoodCalorieManager.swift */,
				6153E7822CD6AC2600367CFA /* FoodPortionOption.swift */,
				6153E7832CD6AC2600367CFA /* directAddFood.swift */,
			);
			path = Main;
			sourceTree = "<group>";
		};
		6104BE192CC76C3B00F6CF69 /* Post */ = {
			isa = PBXGroup;
			children = (
				6104BE1D2CC9476500F6CF69 /* PostController.swift */,
				61E53E302CCF118600E8DBB1 /* PostCell.swift */,
				6153E7A02CD7F1AE00367CFA /* PostDetailController.swift */,
			);
			path = Post;
			sourceTree = "<group>";
		};
		6104BE1A2CC76C4300F6CF69 /* Setting */ = {
			isa = PBXGroup;
			children = (
				6104BE1B2CC9475700F6CF69 /* SettingController.swift */,
			);
			path = Setting;
			sourceTree = "<group>";
		};
		618F334F2CAEDD87009D071B = {
			isa = PBXGroup;
			children = (
				618F335A2CAEDD87009D071B /* TodayCalorie */,
				618F33592CAEDD87009D071B /* Products */,
			);
			sourceTree = "<group>";
		};
		618F33592CAEDD87009D071B /* Products */ = {
			isa = PBXGroup;
			children = (
				618F33582CAEDD87009D071B /* TodayCalorie.app */,
			);
			name = Products;
			sourceTree = "<group>";
		};
		618F335A2CAEDD87009D071B /* TodayCalorie */ = {
			isa = PBXGroup;
			children = (
				6153E7982CD6B09A00367CFA /* FoodCalories.json */,
				6153E7942CD6AD1900367CFA /* best-2.mlpackage */,
				6153E7962CD6AD1D00367CFA /* Middle_Finger_Detection.mlpackage */,
				618F33692CAEDD88009D071B /* Info.plist */,
				6153E79E2CD78F6800367CFA /* GoogleService-Info.plist */,
				6104BE152CC75F7500F6CF69 /* Root */,
				6104BE142CC75F6000F6CF69 /* Controller */,
				61A099A32CCA8DCF00339B66 /* Model */,
				6104BE132CC75F5700F6CF69 /* Utils */,
				6104BE112CC75F0D00F6CF69 /* API */,
				618F33642CAEDD88009D071B /* Assets.xcassets */,
			);
			path = TodayCalorie;
			sourceTree = "<group>";
		};
		61A099A32CCA8DCF00339B66 /* Model */ = {
			isa = PBXGroup;
			children = (
				61E53E382CCFFCD300E8DBB1 /* User.swift */,
				6153E77F2CD6AC2600367CFA /* FoodModel.swift */,
				6153E79A2CD7482A00367CFA /* FoodPost.swift */,
			);
			path = Model;
			sourceTree = "<group>";
		};
		61D705AC2CCE859500640F47 /* Authentication */ = {
			isa = PBXGroup;
			children = (
				61D705AD2CCE85AF00640F47 /* LoginController.swift */,
				61D705AF2CCE863C00640F47 /* RegistrationController.swift */,
			);
			path = Authentication;
			sourceTree = "<group>";
		};
/* End PBXGroup section */

/* Begin PBXNativeTarget section */
		618F33572CAEDD87009D071B /* TodayCalorie */ = {
			isa = PBXNativeTarget;
			buildConfigurationList = 618F336C2CAEDD88009D071B /* Build configuration list for PBXNativeTarget "TodayCalorie" */;
			buildPhases = (
				618F33542CAEDD87009D071B /* Sources */,
				618F33552CAEDD87009D071B /* Frameworks */,
				618F33562CAEDD87009D071B /* Resources */,
			);
			buildRules = (
			);
			dependencies = (
			);
			name = TodayCalorie;
			productName = TodayCalorie;
			productReference = 618F33582CAEDD87009D071B /* TodayCalorie.app */;
			productType = "com.apple.product-type.application";
		};
/* End PBXNativeTarget section */

/* Begin PBXProject section */
		618F33502CAEDD87009D071B /* Project object */ = {
			isa = PBXProject;
			attributes = {
				BuildIndependentTargetsInParallel = 1;
				LastSwiftUpdateCheck = 1540;
				LastUpgradeCheck = 1540;
				TargetAttributes = {
					618F33572CAEDD87009D071B = {
						CreatedOnToolsVersion = 15.4;
					};
				};
			};
			buildConfigurationList = 618F33532CAEDD87009D071B /* Build configuration list for PBXProject "TodayCalorie" */;
			compatibilityVersion = "Xcode 14.0";
			developmentRegion = en;
			hasScannedForEncodings = 0;
			knownRegions = (
				en,
				Base,
			);
			mainGroup = 618F334F2CAEDD87009D071B;
			packageReferences = (
				61D705B32CCE8F7700640F47 /* XCRemoteSwiftPackageReference "firebase-ios-sdk" */,
			);
			productRefGroup = 618F33592CAEDD87009D071B /* Products */;
			projectDirPath = "";
			projectRoot = "";
			targets = (
				618F33572CAEDD87009D071B /* TodayCalorie */,
			);
		};
/* End PBXProject section */

/* Begin PBXResourcesBuildPhase section */
		618F33562CAEDD87009D071B /* Resources */ = {
			isa = PBXResourcesBuildPhase;
			buildActionMask = 2147483647;
			files = (
				618F33652CAEDD88009D071B /* Assets.xcassets in Resources */,
				618F33682CAEDD88009D071B /* Base in Resources */,
				6153E79F2CD78F6800367CFA /* GoogleService-Info.plist in Resources */,
				6153E7992CD6B09A00367CFA /* FoodCalories.json in Resources */,
				618F33632CAEDD87009D071B /* Base in Resources */,
			);
			runOnlyForDeploymentPostprocessing = 0;
		};
/* End PBXResourcesBuildPhase section */

/* Begin PBXSourcesBuildPhase section */
		618F33542CAEDD87009D071B /* Sources */ = {
			isa = PBXSourcesBuildPhase;
			buildActionMask = 2147483647;
			files = (
				6153E7952CD6AD1900367CFA /* best-2.mlpackage in Sources */,
				6104BE1C2CC9475700F6CF69 /* SettingController.swift in Sources */,
				6127A7CC2CCB58CE002F0122 /* RecordDetailController.swift in Sources */,
				618F33602CAEDD87009D071B /* ViewController.swift in Sources */,
				6153E7842CD6AC2600367CFA /* FoodPortionOption.swift in Sources */,
				6153E7852CD6AC2600367CFA /* AddCell.swift in Sources */,
				6153E7862CD6AC2600367CFA /* AmountCell.swift in Sources */,
				6153E7872CD6AC2600367CFA /* FoodOptionView.swift in Sources */,
				6153E7882CD6AC2600367CFA /* FoodGalleryView.swift in Sources */,
				6153E7892CD6AC2600367CFA /* directAddFood.swift in Sources */,
				6153E78A2CD6AC2600367CFA /* FoodModel.swift in Sources */,
				6153E78B2CD6AC2600367CFA /* SelectImageViewController.swift in Sources */,
				6153E78C2CD6AC2600367CFA /* FoodCalorieManager.swift in Sources */,
				6153E78D2CD6AC2600367CFA /* ImageSectionView.swift in Sources */,
				6153E78E2CD6AC2600367CFA /* FoodCell.swift in Sources */,
				6153E78F2CD6AC2600367CFA /* MealTimeSelectionView.swift in Sources */,
				6153E7902CD6AC2600367CFA /* ShareOptionView.swift in Sources */,
				6153E7972CD6AD1D00367CFA /* Middle_Finger_Detection.mlpackage in Sources */,
				6153E7912CD6AC2600367CFA /* FoodContentView.swift in Sources */,
				6153E7922CD6AC2600367CFA /* addButtonView.swift in Sources */,
				6153E7932CD6AC2600367CFA /* UIResponder.swift in Sources */,
				6127A7D82CCE3729002F0122 /* EatTimeButton.swift in Sources */,
				61E53E412CD007AB00E8DBB1 /* KeyboardExtension.swift in Sources */,
				6153E79D2CD7486900367CFA /* FoodPostManager.swift in Sources */,
				618F335C2CAEDD87009D071B /* AppDelegate.swift in Sources */,
				61E53E3F2CD0042000E8DBB1 /* AuthService.swift in Sources */,
				6153E7A12CD7F1AE00367CFA /* PostDetailController.swift in Sources */,
				6127A7CA2CCB5869002F0122 /* AddFoodController.swift in Sources */,
				6104BE172CC75FFB00F6CF69 /* MainTabController.swift in Sources */,
				61E53E392CCFFCD300E8DBB1 /* User.swift in Sources */,
				61A099A22CCA883A00339B66 /* CalorieCell.swift in Sources */,
				61D705B02CCE863C00640F47 /* RegistrationController.swift in Sources */,
				61E53E312CCF118600E8DBB1 /* PostCell.swift in Sources */,
				61E53E3B2CCFFD7A00E8DBB1 /* UserService.swift in Sources */,
				61D705AE2CCE85AF00640F47 /* LoginController.swift in Sources */,
				6153E7A52CD811A200367CFA /* CustomTabBar.swift in Sources */,
				618F335E2CAEDD87009D071B /* SceneDelegate.swift in Sources */,
				6153E7A32CD80FCC00367CFA /* CalendarViewController.swift in Sources */,
				6104BE1E2CC9476500F6CF69 /* PostController.swift in Sources */,
				6127A7D42CCCD0A2002F0122 /* CGImageProperyOrientation.swift in Sources */,
				6127A7D62CCD7459002F0122 /* ButtonColor.swift in Sources */,
				6127A7CE2CCBE2B2002F0122 /* FloatingMenuButton.swift in Sources */,
				6153E79B2CD7482A00367CFA /* FoodPost.swift in Sources */,
			);
			runOnlyForDeploymentPostprocessing = 0;
		};
/* End PBXSourcesBuildPhase section */

/* Begin PBXVariantGroup section */
		618F33612CAEDD87009D071B /* Main.storyboard */ = {
			isa = PBXVariantGroup;
			children = (
				618F33622CAEDD87009D071B /* Base */,
			);
			name = Main.storyboard;
			sourceTree = "<group>";
		};
		618F33662CAEDD88009D071B /* LaunchScreen.storyboard */ = {
			isa = PBXVariantGroup;
			children = (
				618F33672CAEDD88009D071B /* Base */,
			);
			name = LaunchScreen.storyboard;
			sourceTree = "<group>";
		};
/* End PBXVariantGroup section */

/* Begin XCBuildConfiguration section */
		618F336A2CAEDD88009D071B /* Debug */ = {
			isa = XCBuildConfiguration;
			buildSettings = {
				ALWAYS_SEARCH_USER_PATHS = NO;
				ASSETCATALOG_COMPILER_GENERATE_SWIFT_ASSET_SYMBOL_EXTENSIONS = YES;
				CLANG_ANALYZER_NONNULL = YES;
				CLANG_ANALYZER_NUMBER_OBJECT_CONVERSION = YES_AGGRESSIVE;
				CLANG_CXX_LANGUAGE_STANDARD = "gnu++20";
				CLANG_ENABLE_MODULES = YES;
				CLANG_ENABLE_OBJC_ARC = YES;
				CLANG_ENABLE_OBJC_WEAK = YES;
				CLANG_WARN_BLOCK_CAPTURE_AUTORELEASING = YES;
				CLANG_WARN_BOOL_CONVERSION = YES;
				CLANG_WARN_COMMA = YES;
				CLANG_WARN_CONSTANT_CONVERSION = YES;
				CLANG_WARN_DEPRECATED_OBJC_IMPLEMENTATIONS = YES;
				CLANG_WARN_DIRECT_OBJC_ISA_USAGE = YES_ERROR;
				CLANG_WARN_DOCUMENTATION_COMMENTS = YES;
				CLANG_WARN_EMPTY_BODY = YES;
				CLANG_WARN_ENUM_CONVERSION = YES;
				CLANG_WARN_INFINITE_RECURSION = YES;
				CLANG_WARN_INT_CONVERSION = YES;
				CLANG_WARN_NON_LITERAL_NULL_CONVERSION = YES;
				CLANG_WARN_OBJC_IMPLICIT_RETAIN_SELF = YES;
				CLANG_WARN_OBJC_LITERAL_CONVERSION = YES;
				CLANG_WARN_OBJC_ROOT_CLASS = YES_ERROR;
				CLANG_WARN_QUOTED_INCLUDE_IN_FRAMEWORK_HEADER = YES;
				CLANG_WARN_RANGE_LOOP_ANALYSIS = YES;
				CLANG_WARN_STRICT_PROTOTYPES = YES;
				CLANG_WARN_SUSPICIOUS_MOVE = YES;
				CLANG_WARN_UNGUARDED_AVAILABILITY = YES_AGGRESSIVE;
				CLANG_WARN_UNREACHABLE_CODE = YES;
				CLANG_WARN__DUPLICATE_METHOD_MATCH = YES;
				COPY_PHASE_STRIP = NO;
				DEBUG_INFORMATION_FORMAT = dwarf;
				ENABLE_STRICT_OBJC_MSGSEND = YES;
				ENABLE_TESTABILITY = YES;
				ENABLE_USER_SCRIPT_SANDBOXING = YES;
				GCC_C_LANGUAGE_STANDARD = gnu17;
				GCC_DYNAMIC_NO_PIC = NO;
				GCC_NO_COMMON_BLOCKS = YES;
				GCC_OPTIMIZATION_LEVEL = 0;
				GCC_PREPROCESSOR_DEFINITIONS = (
					"DEBUG=1",
					"$(inherited)",
				);
				GCC_WARN_64_TO_32_BIT_CONVERSION = YES;
				GCC_WARN_ABOUT_RETURN_TYPE = YES_ERROR;
				GCC_WARN_UNDECLARED_SELECTOR = YES;
				GCC_WARN_UNINITIALIZED_AUTOS = YES_AGGRESSIVE;
				GCC_WARN_UNUSED_FUNCTION = YES;
				GCC_WARN_UNUSED_VARIABLE = YES;
				IPHONEOS_DEPLOYMENT_TARGET = 17.5;
				LOCALIZATION_PREFERS_STRING_CATALOGS = YES;
				MTL_ENABLE_DEBUG_INFO = INCLUDE_SOURCE;
				MTL_FAST_MATH = YES;
				ONLY_ACTIVE_ARCH = YES;
				SDKROOT = iphoneos;
				SWIFT_ACTIVE_COMPILATION_CONDITIONS = "DEBUG $(inherited)";
				SWIFT_OPTIMIZATION_LEVEL = "-Onone";
			};
			name = Debug;
		};
		618F336B2CAEDD88009D071B /* Release */ = {
			isa = XCBuildConfiguration;
			buildSettings = {
				ALWAYS_SEARCH_USER_PATHS = NO;
				ASSETCATALOG_COMPILER_GENERATE_SWIFT_ASSET_SYMBOL_EXTENSIONS = YES;
				CLANG_ANALYZER_NONNULL = YES;
				CLANG_ANALYZER_NUMBER_OBJECT_CONVERSION = YES_AGGRESSIVE;
				CLANG_CXX_LANGUAGE_STANDARD = "gnu++20";
				CLANG_ENABLE_MODULES = YES;
				CLANG_ENABLE_OBJC_ARC = YES;
				CLANG_ENABLE_OBJC_WEAK = YES;
				CLANG_WARN_BLOCK_CAPTURE_AUTORELEASING = YES;
				CLANG_WARN_BOOL_CONVERSION = YES;
				CLANG_WARN_COMMA = YES;
				CLANG_WARN_CONSTANT_CONVERSION = YES;
				CLANG_WARN_DEPRECATED_OBJC_IMPLEMENTATIONS = YES;
				CLANG_WARN_DIRECT_OBJC_ISA_USAGE = YES_ERROR;
				CLANG_WARN_DOCUMENTATION_COMMENTS = YES;
				CLANG_WARN_EMPTY_BODY = YES;
				CLANG_WARN_ENUM_CONVERSION = YES;
				CLANG_WARN_INFINITE_RECURSION = YES;
				CLANG_WARN_INT_CONVERSION = YES;
				CLANG_WARN_NON_LITERAL_NULL_CONVERSION = YES;
				CLANG_WARN_OBJC_IMPLICIT_RETAIN_SELF = YES;
				CLANG_WARN_OBJC_LITERAL_CONVERSION = YES;
				CLANG_WARN_OBJC_ROOT_CLASS = YES_ERROR;
				CLANG_WARN_QUOTED_INCLUDE_IN_FRAMEWORK_HEADER = YES;
				CLANG_WARN_RANGE_LOOP_ANALYSIS = YES;
				CLANG_WARN_STRICT_PROTOTYPES = YES;
				CLANG_WARN_SUSPICIOUS_MOVE = YES;
				CLANG_WARN_UNGUARDED_AVAILABILITY = YES_AGGRESSIVE;
				CLANG_WARN_UNREACHABLE_CODE = YES;
				CLANG_WARN__DUPLICATE_METHOD_MATCH = YES;
				COPY_PHASE_STRIP = NO;
				DEBUG_INFORMATION_FORMAT = "dwarf-with-dsym";
				ENABLE_NS_ASSERTIONS = NO;
				ENABLE_STRICT_OBJC_MSGSEND = YES;
				ENABLE_USER_SCRIPT_SANDBOXING = YES;
				GCC_C_LANGUAGE_STANDARD = gnu17;
				GCC_NO_COMMON_BLOCKS = YES;
				GCC_WARN_64_TO_32_BIT_CONVERSION = YES;
				GCC_WARN_ABOUT_RETURN_TYPE = YES_ERROR;
				GCC_WARN_UNDECLARED_SELECTOR = YES;
				GCC_WARN_UNINITIALIZED_AUTOS = YES_AGGRESSIVE;
				GCC_WARN_UNUSED_FUNCTION = YES;
				GCC_WARN_UNUSED_VARIABLE = YES;
				IPHONEOS_DEPLOYMENT_TARGET = 17.5;
				LOCALIZATION_PREFERS_STRING_CATALOGS = YES;
				MTL_ENABLE_DEBUG_INFO = NO;
				MTL_FAST_MATH = YES;
				SDKROOT = iphoneos;
				SWIFT_COMPILATION_MODE = wholemodule;
				VALIDATE_PRODUCT = YES;
			};
			name = Release;
		};
		618F336D2CAEDD88009D071B /* Debug */ = {
			isa = XCBuildConfiguration;
			buildSettings = {
				ASSETCATALOG_COMPILER_APPICON_NAME = AppIcon;
				ASSETCATALOG_COMPILER_GLOBAL_ACCENT_COLOR_NAME = AccentColor;
				CODE_SIGN_STYLE = Automatic;
				CURRENT_PROJECT_VERSION = 1;
				DEVELOPMENT_TEAM = 9M4VX9F952;
				GENERATE_INFOPLIST_FILE = YES;
				INFOPLIST_FILE = TodayCalorie/Info.plist;
				INFOPLIST_KEY_NSCameraUsageDescription = "카메라 사용을 허용해주세요.";
				INFOPLIST_KEY_UIApplicationSupportsIndirectInputEvents = YES;
				INFOPLIST_KEY_UILaunchStoryboardName = LaunchScreen;
				INFOPLIST_KEY_UIMainStoryboardFile = Main;
				INFOPLIST_KEY_UISupportedInterfaceOrientations_iPad = "UIInterfaceOrientationPortrait UIInterfaceOrientationPortraitUpsideDown UIInterfaceOrientationLandscapeLeft UIInterfaceOrientationLandscapeRight";
				INFOPLIST_KEY_UISupportedInterfaceOrientations_iPhone = "UIInterfaceOrientationPortrait UIInterfaceOrientationLandscapeLeft UIInterfaceOrientationLandscapeRight";
				LD_RUNPATH_SEARCH_PATHS = (
					"$(inherited)",
					"@executable_path/Frameworks",
				);
				MARKETING_VERSION = 1.0;
				PRODUCT_BUNDLE_IDENTIFIER = skp.app.TodayCalorie;
				PRODUCT_NAME = "$(TARGET_NAME)";
				SWIFT_EMIT_LOC_STRINGS = YES;
				SWIFT_VERSION = 5.0;
				TARGETED_DEVICE_FAMILY = "1,2";
			};
			name = Debug;
		};
		618F336E2CAEDD88009D071B /* Release */ = {
			isa = XCBuildConfiguration;
			buildSettings = {
				ASSETCATALOG_COMPILER_APPICON_NAME = AppIcon;
				ASSETCATALOG_COMPILER_GLOBAL_ACCENT_COLOR_NAME = AccentColor;
				CODE_SIGN_STYLE = Automatic;
				CURRENT_PROJECT_VERSION = 1;
				DEVELOPMENT_TEAM = 9M4VX9F952;
				GENERATE_INFOPLIST_FILE = YES;
				INFOPLIST_FILE = TodayCalorie/Info.plist;
				INFOPLIST_KEY_NSCameraUsageDescription = "카메라 사용을 허용해주세요.";
				INFOPLIST_KEY_UIApplicationSupportsIndirectInputEvents = YES;
				INFOPLIST_KEY_UILaunchStoryboardName = LaunchScreen;
				INFOPLIST_KEY_UIMainStoryboardFile = Main;
				INFOPLIST_KEY_UISupportedInterfaceOrientations_iPad = "UIInterfaceOrientationPortrait UIInterfaceOrientationPortraitUpsideDown UIInterfaceOrientationLandscapeLeft UIInterfaceOrientationLandscapeRight";
				INFOPLIST_KEY_UISupportedInterfaceOrientations_iPhone = "UIInterfaceOrientationPortrait UIInterfaceOrientationLandscapeLeft UIInterfaceOrientationLandscapeRight";
				LD_RUNPATH_SEARCH_PATHS = (
					"$(inherited)",
					"@executable_path/Frameworks",
				);
				MARKETING_VERSION = 1.0;
				PRODUCT_BUNDLE_IDENTIFIER = skp.app.TodayCalorie;
				PRODUCT_NAME = "$(TARGET_NAME)";
				SWIFT_EMIT_LOC_STRINGS = YES;
				SWIFT_VERSION = 5.0;
				TARGETED_DEVICE_FAMILY = "1,2";
			};
			name = Release;
		};
/* End XCBuildConfiguration section */

/* Begin XCConfigurationList section */
		618F33532CAEDD87009D071B /* Build configuration list for PBXProject "TodayCalorie" */ = {
			isa = XCConfigurationList;
			buildConfigurations = (
				618F336A2CAEDD88009D071B /* Debug */,
				618F336B2CAEDD88009D071B /* Release */,
			);
			defaultConfigurationIsVisible = 0;
			defaultConfigurationName = Release;
		};
		618F336C2CAEDD88009D071B /* Build configuration list for PBXNativeTarget "TodayCalorie" */ = {
			isa = XCConfigurationList;
			buildConfigurations = (
				618F336D2CAEDD88009D071B /* Debug */,
				618F336E2CAEDD88009D071B /* Release */,
			);
			defaultConfigurationIsVisible = 0;
			defaultConfigurationName = Release;
		};
/* End XCConfigurationList section */

/* Begin XCRemoteSwiftPackageReference section */
		61D705B32CCE8F7700640F47 /* XCRemoteSwiftPackageReference "firebase-ios-sdk" */ = {
			isa = XCRemoteSwiftPackageReference;
			repositoryURL = "https://github.com/firebase/firebase-ios-sdk";
			requirement = {
				kind = upToNextMajorVersion;
				minimumVersion = 11.4.0;
			};
		};
/* End XCRemoteSwiftPackageReference section */

/* Begin XCSwiftPackageProductDependency section */
		61D705B42CCE8F7700640F47 /* FirebaseAuth */ = {
			isa = XCSwiftPackageProductDependency;
			package = 61D705B32CCE8F7700640F47 /* XCRemoteSwiftPackageReference "firebase-ios-sdk" */;
			productName = FirebaseAuth;
		};
		61D705B62CCE8F7700640F47 /* FirebaseCore */ = {
			isa = XCSwiftPackageProductDependency;
			package = 61D705B32CCE8F7700640F47 /* XCRemoteSwiftPackageReference "firebase-ios-sdk" */;
			productName = FirebaseCore;
		};
		61D705B82CCE8F7700640F47 /* FirebaseDatabase */ = {
			isa = XCSwiftPackageProductDependency;
			package = 61D705B32CCE8F7700640F47 /* XCRemoteSwiftPackageReference "firebase-ios-sdk" */;
			productName = FirebaseDatabase;
		};
		61D705BA2CCE8F7700640F47 /* FirebaseFirestore */ = {
			isa = XCSwiftPackageProductDependency;
			package = 61D705B32CCE8F7700640F47 /* XCRemoteSwiftPackageReference "firebase-ios-sdk" */;
			productName = FirebaseFirestore;
		};
		61D705BC2CCE8F7700640F47 /* FirebaseStorage */ = {
			isa = XCSwiftPackageProductDependency;
			package = 61D705B32CCE8F7700640F47 /* XCRemoteSwiftPackageReference "firebase-ios-sdk" */;
			productName = FirebaseStorage;
		};
/* End XCSwiftPackageProductDependency section */
	};
	rootObject = 618F33502CAEDD87009D071B /* Project object */;
}
